aiohttp==3.9.5
aiohttp-cors==0.7.0
aiohttp-swagger3==0.8.0
aiosignal==1.3.1
annotated-types==0.7.0
attrs==23.2.0
cffi==1.16.0
click==8.1.7
cryptography==42.0.8
deepdiff==7.0.1
fastjsonschema==2.19.1
frozenlist==1.4.1
gunicorn==22.0.0
idna==3.7
lz4==4.3.3
multidict==6.0.5
mypy-extensions==1.0.0
ordered-set==4.1.0
packaging==24.1
pycparser==2.22
pydantic==2.7.4
pydantic_core==2.18.4
PyJWT==2.8.0
PyYAML==6.0.1
rfc3339-validator==0.1.4
setuptools==69.5.1
six==1.16.0
stringcase==1.2.0
typing-inspect==0.9.0
typing_extensions==4.12.2
wheel==0.43.0
yarl==1.9.4
