aiofiles==0.6.0
aiohttp==3.7.4.post0
aiohttp-cors==0.7.0
aiohttp-swagger3==0.5.4
aiojobs==0.3.0
aioredis==1.3.1
async-timeout==3.0.1
attrs==20.3.0
certifi==2020.12.5
cffi==1.14.5
chardet==4.0.0
click==7.1.2
cryptography==3.3.2
dataclasses-jsonschema==2.14.1
deepdiff==5.2.3
fastjsonschema==2.14.5
hiredis==1.1.0
idna==3.1
jsonschema==3.2.0
lz4==3.1.3
multidict==5.1.0
mypy-extensions==0.4.3
ordered-set==4.0.2
pycparser==2.20
PyJWT==1.7.1
pyrsistent==0.17.3
python-dateutil==2.8.1
PyYAML==5.3.1
six==1.15.0
strict-rfc3339==0.7
stringcase==1.2.0
typing-extensions==3.7.4.3
typing-inspect==0.6.0
yarl==1.6.3
